
Microsoft Visual Studio Solution File, Format Version 12.00
# Visual Studio 2013
VisualStudioVersion = 12.0.21005.1
MinimumVisualStudioVersion = 10.0.40219.1
Project("{FAE04EC0-301F-11D3-BF4B-00C04F79EFBC}") = "MiniWebDeploy", "src\MiniWebDeploy\MiniWebDeploy.csproj", "{B6898B90-6329-475C-A256-4E6494E943CF}"
EndProject
Project("{FAE04EC0-301F-11D3-BF4B-00C04F79EFBC}") = "MiniWebDeploy.Deployer", "src\MiniWebDeploy.Deployer\MiniWebDeploy.Deployer.csproj", "{67CA0992-465E-496D-961D-0B090BFA85C3}"
EndProject
Project("{2150E333-8FDC-42A3-9474-1A3956D46DE8}") = ".nuget", ".nuget", "{77847D0F-3E96-4764-A6E8-A233A934D784}"
	ProjectSection(SolutionItems) = preProject
		.nuget\NuGet.Config = .nuget\NuGet.Config
		.nuget\NuGet.exe = .nuget\NuGet.exe
		.nuget\NuGet.targets = .nuget\NuGet.targets
	EndProjectSection
EndProject
Project("{FAE04EC0-301F-11D3-BF4B-00C04F79EFBC}") = "MiniWebDeploy.Deployer.Tests", "src\MiniWebDeploy.Deployer.Tests\MiniWebDeploy.Deployer.Tests.csproj", "{776B9A4C-1E36-4871-872E-31200F42E186}"
EndProject
Project("{FAE04EC0-301F-11D3-BF4B-00C04F79EFBC}") = "MiniWebDeploy.Deployer.IntegrationTests", "src\MiniWebDeploy.Deployer.IntegrationTests\MiniWebDeploy.Deployer.IntegrationTests.csproj", "{3290E3AF-DA95-49C7-B56B-002108FA6E49}"
EndProject
Global
	GlobalSection(SolutionConfigurationPlatforms) = preSolution
		Debug|Any CPU = Debug|Any CPU
		Release|Any CPU = Release|Any CPU
	EndGlobalSection
	GlobalSection(ProjectConfigurationPlatforms) = postSolution
		{B6898B90-6329-475C-A256-4E6494E943CF}.Debug|Any CPU.ActiveCfg = Debug|Any CPU
		{B6898B90-6329-475C-A256-4E6494E943CF}.Debug|Any CPU.Build.0 = Debug|Any CPU
		{B6898B90-6329-475C-A256-4E6494E943CF}.Release|Any CPU.ActiveCfg = Release|Any CPU
		{B6898B90-6329-475C-A256-4E6494E943CF}.Release|Any CPU.Build.0 = Release|Any CPU
		{67CA0992-465E-496D-961D-0B090BFA85C3}.Debug|Any CPU.ActiveCfg = Debug|Any CPU
		{67CA0992-465E-496D-961D-0B090BFA85C3}.Debug|Any CPU.Build.0 = Debug|Any CPU
		{67CA0992-465E-496D-961D-0B090BFA85C3}.Release|Any CPU.ActiveCfg = Release|Any CPU
		{67CA0992-465E-496D-961D-0B090BFA85C3}.Release|Any CPU.Build.0 = Release|Any CPU
		{776B9A4C-1E36-4871-872E-31200F42E186}.Debug|Any CPU.ActiveCfg = Debug|Any CPU
		{776B9A4C-1E36-4871-872E-31200F42E186}.Debug|Any CPU.Build.0 = Debug|Any CPU
		{776B9A4C-1E36-4871-872E-31200F42E186}.Release|Any CPU.ActiveCfg = Release|Any CPU
		{776B9A4C-1E36-4871-872E-31200F42E186}.Release|Any CPU.Build.0 = Release|Any CPU
		{3290E3AF-DA95-49C7-B56B-002108FA6E49}.Debug|Any CPU.ActiveCfg = Debug|Any CPU
		{3290E3AF-DA95-49C7-B56B-002108FA6E49}.Debug|Any CPU.Build.0 = Debug|Any CPU
		{3290E3AF-DA95-49C7-B56B-002108FA6E49}.Release|Any CPU.ActiveCfg = Release|Any CPU
		{3290E3AF-DA95-49C7-B56B-002108FA6E49}.Release|Any CPU.Build.0 = Release|Any CPU
	EndGlobalSection
	GlobalSection(SolutionProperties) = preSolution
		HideSolutionNode = FALSE
	EndGlobalSection
EndGlobal
